{
  "name": "aws-es-kibana",
  "version": "1.0.8-pre",
  "lockfileVersion": 1,
  "requires": true,
  "dependencies": {
    "basic-auth": {
      "version": "1.1.0",
      "resolved": "https://registry.npmjs.org/basic-auth/-/basic-auth-1.1.0.tgz",
      "integrity": "sha1-RSIe5Cn37h5QNb4/UVM/HN/SmIQ="
    },
    "express-basic-auth": {
      "version": "1.1.5",
      "resolved": "https://registry.npmjs.org/express-basic-auth/-/express-basic-auth-1.1.5.tgz",
      "integrity": "sha512-mDp1yMjZbCzH7Ixp8k20TyYiNgUdEso8XwUglWHbFZwivX32c5pbB24wcGL+feWXLqinJCvGvuuJSqLih+MV/g==",
      "requires": {
        "basic-auth": "^1.1.0"
      }
    }
  }
}
